
Microsoft Visual Studio Solution File, Format Version 12.00
# Visual Studio Version 17
VisualStudioVersion = 17.5.33424.131
MinimumVisualStudioVersion = 10.0.40219.1
Project("{FAE04EC0-301F-11D3-BF4B-00C04F79EFBC}") = "Convertendo", "Convertendo.csproj", "{76A7FAD1-E30A-4F0F-B6ED-24E6681470BA}"
EndProject
Global
	GlobalSection(SolutionConfigurationPlatforms) = preSolution
		Debug|Any CPU = Debug|Any CPU
		Release|Any CPU = Release|Any CPU
	EndGlobalSection
	GlobalSection(ProjectConfigurationPlatforms) = postSolution
		{76A7FAD1-E30A-4F0F-B6ED-24E6681470BA}.Debug|Any CPU.ActiveCfg = Debug|Any CPU
		{76A7FAD1-E30A-4F0F-B6ED-24E6681470BA}.Debug|Any CPU.Build.0 = Debug|Any CPU
		{76A7FAD1-E30A-4F0F-B6ED-24E6681470BA}.Release|Any CPU.ActiveCfg = Release|Any CPU
		{76A7FAD1-E30A-4F0F-B6ED-24E6681470BA}.Release|Any CPU.Build.0 = Release|Any CPU
	EndGlobalSection
	GlobalSection(SolutionProperties) = preSolution
		HideSolutionNode = FALSE
	EndGlobalSection
	GlobalSection(ExtensibilityGlobals) = postSolution
		SolutionGuid = {E0BF9257-49C2-4B5E-8633-DA0F3FE6E505}
	EndGlobalSection
EndGlobal
